
Microsoft Visual Studio Solution File, Format Version 12.00
# Visual Studio Version 16
VisualStudioVersion = 16.0.29806.167
MinimumVisualStudioVersion = 10.0.40219.1
Project("{FAE04EC0-301F-11D3-BF4B-00C04F79EFBC}") = "SudokuSolver", "SudokuSolver\SudokuSolver.csproj", "{8C777783-F599-441E-ACCB-7327ACBCE37B}"
EndProject
Project("{FAE04EC0-301F-11D3-BF4B-00C04F79EFBC}") = "SudokuSolverConsoleTest", "SudokuSolverConsoleTest\SudokuSolverConsoleTest.csproj", "{73E114E2-77AF-47FE-8EC5-AEA5C8CA5BBB}"
EndProject
Global
	GlobalSection(SolutionConfigurationPlatforms) = preSolution
		Debug|Any CPU = Debug|Any CPU
		Release|Any CPU = Release|Any CPU
	EndGlobalSection
	GlobalSection(ProjectConfigurationPlatforms) = postSolution
		{8C777783-F599-441E-ACCB-7327ACBCE37B}.Debug|Any CPU.ActiveCfg = Debug|Any CPU
		{8C777783-F599-441E-ACCB-7327ACBCE37B}.Debug|Any CPU.Build.0 = Debug|Any CPU
		{8C777783-F599-441E-ACCB-7327ACBCE37B}.Release|Any CPU.ActiveCfg = Release|Any CPU
		{8C777783-F599-441E-ACCB-7327ACBCE37B}.Release|Any CPU.Build.0 = Release|Any CPU
		{73E114E2-77AF-47FE-8EC5-AEA5C8CA5BBB}.Debug|Any CPU.ActiveCfg = Debug|Any CPU
		{73E114E2-77AF-47FE-8EC5-AEA5C8CA5BBB}.Debug|Any CPU.Build.0 = Debug|Any CPU
		{73E114E2-77AF-47FE-8EC5-AEA5C8CA5BBB}.Release|Any CPU.ActiveCfg = Release|Any CPU
		{73E114E2-77AF-47FE-8EC5-AEA5C8CA5BBB}.Release|Any CPU.Build.0 = Release|Any CPU
	EndGlobalSection
	GlobalSection(SolutionProperties) = preSolution
		HideSolutionNode = FALSE
	EndGlobalSection
	GlobalSection(ExtensibilityGlobals) = postSolution
		SolutionGuid = {FB1D8B56-8D3A-42D0-AC89-CE2951A5D734}
	EndGlobalSection
EndGlobal
